Microsoft Visual Studio Solution File, Format Version 12.00
# Visual Studio Version 17
VisualStudioVersion = 17.5.2.0
MinimumVisualStudioVersion = 10.0.40219.1
Project("{2150E333-8FDC-42A3-9474-1A3956D46DE8}") = "lab-1", "lab-1", "{BE23F390-6A9B-4676-49EC-710FA516AE06}"
EndProject
Project("{FAE04EC0-301F-11D3-BF4B-00C04F79EFBC}") = "Converter", "lab-1\Converter\Converter.csproj", "{3EDE5CE5-5E4F-450E-D19A-FF21AE6D9650}"
EndProject
Global
	GlobalSection(SolutionConfigurationPlatforms) = preSolution
		Debug|Any CPU = Debug|Any CPU
		Release|Any CPU = Release|Any CPU
	EndGlobalSection
	GlobalSection(ProjectConfigurationPlatforms) = postSolution
		{3EDE5CE5-5E4F-450E-D19A-FF21AE6D9650}.Debug|Any CPU.ActiveCfg = Debug|Any CPU
		{3EDE5CE5-5E4F-450E-D19A-FF21AE6D9650}.Debug|Any CPU.Build.0 = Debug|Any CPU
		{3EDE5CE5-5E4F-450E-D19A-FF21AE6D9650}.Release|Any CPU.ActiveCfg = Release|Any CPU
		{3EDE5CE5-5E4F-450E-D19A-FF21AE6D9650}.Release|Any CPU.Build.0 = Release|Any CPU
	EndGlobalSection
	GlobalSection(SolutionProperties) = preSolution
		HideSolutionNode = FALSE
	EndGlobalSection
	GlobalSection(NestedProjects) = preSolution
		{3EDE5CE5-5E4F-450E-D19A-FF21AE6D9650} = {BE23F390-6A9B-4676-49EC-710FA516AE06}
	EndGlobalSection
	GlobalSection(ExtensibilityGlobals) = postSolution
		SolutionGuid = {1A4EBB40-7427-4793-A6DE-3A9828EC78D2}
	EndGlobalSection
EndGlobal
